
Microsoft Visual Studio Solution File, Format Version 12.00
# Visual Studio Version 17
VisualStudioVersion = 17.0.32014.148
MinimumVisualStudioVersion = 10.0.40219.1
Project("{9A19103F-16F7-4668-BE54-9A1E7A4F7556}") = "MeterReadings.API", "MeterReadings.API\MeterReadings.API.csproj", "{BCF812FB-0B5A-48FD-BB32-3FA74BDCAF56}"
EndProject
Project("{2150E333-8FDC-42A3-9474-1A3956D46DE8}") = "Solution Items", "Solution Items", "{72125D63-3024-46BB-B06E-12A326D16A26}"
	ProjectSection(SolutionItems) = preProject
		..\.gitignore = ..\.gitignore
		docker-build.ps1 = docker-build.ps1
		docker-compose.yml = docker-compose.yml
	EndProjectSection
EndProject
Project("{9A19103F-16F7-4668-BE54-9A1E7A4F7556}") = "MeterReadings.Data", "MeterReadings.Data\MeterReadings.Data.csproj", "{D831B554-E047-44C4-8673-4B24D5BE75A5}"
EndProject
Project("{9A19103F-16F7-4668-BE54-9A1E7A4F7556}") = "MeterReadings.Models", "MeterReadings.Models\MeterReadings.Models.csproj", "{64631859-079F-4A2E-92DE-1B868CFE2003}"
EndProject
Project("{9A19103F-16F7-4668-BE54-9A1E7A4F7556}") = "MeterReadings.Services", "MeterReadings.Services\MeterReadings.Services.csproj", "{432A6588-B3C6-4679-B6A7-E515129D82FA}"
EndProject
Project("{FAE04EC0-301F-11D3-BF4B-00C04F79EFBC}") = "MeterReadings.Tests", "MeterReadings.Tests\MeterReadings.Tests.csproj", "{49CFD504-3EE6-4925-9C65-21EED3262556}"
EndProject
Project("{2150E333-8FDC-42A3-9474-1A3956D46DE8}") = "SqlServer", "SqlServer", "{0D9C93BE-F245-45C6-B211-A8CBCD159DDD}"
	ProjectSection(SolutionItems) = preProject
		SqlServer\Dockerfile = SqlServer\Dockerfile
	EndProjectSection
EndProject
Global
	GlobalSection(SolutionConfigurationPlatforms) = preSolution
		Debug|Any CPU = Debug|Any CPU
		Release|Any CPU = Release|Any CPU
	EndGlobalSection
	GlobalSection(ProjectConfigurationPlatforms) = postSolution
		{BCF812FB-0B5A-48FD-BB32-3FA74BDCAF56}.Debug|Any CPU.ActiveCfg = Debug|Any CPU
		{BCF812FB-0B5A-48FD-BB32-3FA74BDCAF56}.Debug|Any CPU.Build.0 = Debug|Any CPU
		{BCF812FB-0B5A-48FD-BB32-3FA74BDCAF56}.Release|Any CPU.ActiveCfg = Release|Any CPU
		{BCF812FB-0B5A-48FD-BB32-3FA74BDCAF56}.Release|Any CPU.Build.0 = Release|Any CPU
		{D831B554-E047-44C4-8673-4B24D5BE75A5}.Debug|Any CPU.ActiveCfg = Debug|Any CPU
		{D831B554-E047-44C4-8673-4B24D5BE75A5}.Debug|Any CPU.Build.0 = Debug|Any CPU
		{D831B554-E047-44C4-8673-4B24D5BE75A5}.Release|Any CPU.ActiveCfg = Release|Any CPU
		{D831B554-E047-44C4-8673-4B24D5BE75A5}.Release|Any CPU.Build.0 = Release|Any CPU
		{64631859-079F-4A2E-92DE-1B868CFE2003}.Debug|Any CPU.ActiveCfg = Debug|Any CPU
		{64631859-079F-4A2E-92DE-1B868CFE2003}.Debug|Any CPU.Build.0 = Debug|Any CPU
		{64631859-079F-4A2E-92DE-1B868CFE2003}.Release|Any CPU.ActiveCfg = Release|Any CPU
		{64631859-079F-4A2E-92DE-1B868CFE2003}.Release|Any CPU.Build.0 = Release|Any CPU
		{432A6588-B3C6-4679-B6A7-E515129D82FA}.Debug|Any CPU.ActiveCfg = Debug|Any CPU
		{432A6588-B3C6-4679-B6A7-E515129D82FA}.Debug|Any CPU.Build.0 = Debug|Any CPU
		{432A6588-B3C6-4679-B6A7-E515129D82FA}.Release|Any CPU.ActiveCfg = Release|Any CPU
		{432A6588-B3C6-4679-B6A7-E515129D82FA}.Release|Any CPU.Build.0 = Release|Any CPU
		{49CFD504-3EE6-4925-9C65-21EED3262556}.Debug|Any CPU.ActiveCfg = Debug|Any CPU
		{49CFD504-3EE6-4925-9C65-21EED3262556}.Debug|Any CPU.Build.0 = Debug|Any CPU
		{49CFD504-3EE6-4925-9C65-21EED3262556}.Release|Any CPU.ActiveCfg = Release|Any CPU
		{49CFD504-3EE6-4925-9C65-21EED3262556}.Release|Any CPU.Build.0 = Release|Any CPU
	EndGlobalSection
	GlobalSection(SolutionProperties) = preSolution
		HideSolutionNode = FALSE
	EndGlobalSection
	GlobalSection(NestedProjects) = preSolution
		{0D9C93BE-F245-45C6-B211-A8CBCD159DDD} = {72125D63-3024-46BB-B06E-12A326D16A26}
	EndGlobalSection
	GlobalSection(ExtensibilityGlobals) = postSolution
		SolutionGuid = {72648929-2BFD-4637-8E1D-B7A472C38723}
	EndGlobalSection
EndGlobal
